// !$*UTF8*$!
{
	archiveVersion = 1;
	classes = {
	};
	objectVersion = 46;
	objects = {

/* Begin PBXBuildFile section */
		F22EDB8018E6BF19005C5F9A /* Foundation.framework in Frameworks */ = {isa = PBXBuildFile; fileRef = F22EDB7F18E6BF19005C5F9A /* Foundation.framework */; };
		F22EDB8218E6BF19005C5F9A /* CoreGraphics.framework in Frameworks */ = {isa = PBXBuildFile; fileRef = F22EDB8118E6BF19005C5F9A /* CoreGraphics.framework */; };
		F22EDB8418E6BF19005C5F9A /* UIKit.framework in Frameworks */ = {isa = PBXBuildFile; fileRef = F22EDB8318E6BF19005C5F9A /* UIKit.framework */; };
		F22EDB8618E6BF19005C5F9A /* SpriteKit.framework in Frameworks */ = {isa = PBXBuildFile; fileRef = F22EDB8518E6BF19005C5F9A /* SpriteKit.framework */; };
		F22EDB8C18E6BF19005C5F9A /* InfoPlist.strings in Resources */ = {isa = PBXBuildFile; fileRef = F22EDB8A18E6BF19005C5F9A /* InfoPlist.strings */; };
		F22EDB8E18E6BF19005C5F9A /* main.m in Sources */ = {isa = PBXBuildFile; fileRef = F22EDB8D18E6BF19005C5F9A /* main.m */; };
		F22EDB9218E6BF19005C5F9A /* ZMAppDelegate.m in Sources */ = {isa = PBXBuildFile; fileRef = F22EDB9118E6BF19005C5F9A /* ZMAppDelegate.m */; };
		F22EDB9518E6BF19005C5F9A /* Main_iPhone.storyboard in Resources */ = {isa = PBXBuildFile; fileRef = F22EDB9318E6BF19005C5F9A /* Main_iPhone.storyboard */; };
		F22EDB9818E6BF19005C5F9A /* Main_iPad.storyboard in Resources */ = {isa = PBXBuildFile; fileRef = F22EDB9618E6BF19005C5F9A /* Main_iPad.storyboard */; };
		F22EDB9B18E6BF19005C5F9A /* ZMViewController.m in Sources */ = {isa = PBXBuildFile; fileRef = F22EDB9A18E6BF19005C5F9A /* ZMViewController.m */; };
		F22EDB9E18E6BF19005C5F9A /* ZMMyScene.m in Sources */ = {isa = PBXBuildFile; fileRef = F22EDB9D18E6BF19005C5F9A /* ZMMyScene.m */; };
		F22EDBA018E6BF19005C5F9A /* Spaceship.png in Resources */ = {isa = PBXBuildFile; fileRef = F22EDB9F18E6BF19005C5F9A /* Spaceship.png */; };
		F22EDBA218E6BF19005C5F9A /* Images.xcassets in Resources */ = {isa = PBXBuildFile; fileRef = F22EDBA118E6BF19005C5F9A /* Images.xcassets */; };
		F22EDBA918E6BF19005C5F9A /* XCTest.framework in Frameworks */ = {isa = PBXBuildFile; fileRef = F22EDBA818E6BF19005C5F9A /* XCTest.framework */; };
		F22EDBAA18E6BF19005C5F9A /* Foundation.framework in Frameworks */ = {isa = PBXBuildFile; fileRef = F22EDB7F18E6BF19005C5F9A /* Foundation.framework */; };
		F22EDBAB18E6BF19005C5F9A /* UIKit.framework in Frameworks */ = {isa = PBXBuildFile; fileRef = F22EDB8318E6BF19005C5F9A /* UIKit.framework */; };
		F22EDBB318E6BF19005C5F9A /* InfoPlist.strings in Resources */ = {isa = PBXBuildFile; fileRef = F22EDBB118E6BF19005C5F9A /* InfoPlist.strings */; };
		F22EDBB518E6BF19005C5F9A /* ZMTextInputSpriteProjectTests.m in Sources */ = {isa = PBXBuildFile; fileRef = F22EDBB418E6BF19005C5F9A /* ZMTextInputSpriteProjectTests.m */; };
/* End PBXBuildFile section */

/* Begin PBXContainerItemProxy section */
		F22EDBAC18E6BF19005C5F9A /* PBXContainerItemProxy */ = {
			isa = PBXContainerItemProxy;
			containerPortal = F22EDB7418E6BF19005C5F9A /* Project object */;
			proxyType = 1;
			remoteGlobalIDString = F22EDB7B18E6BF19005C5F9A;
			remoteInfo = ZMTextInputSpriteProject;
		};
/* End PBXContainerItemProxy section */

/* Begin PBXFileReference section */
		F22EDB7C18E6BF19005C5F9A /* ZMTextInputSpriteProject.app */ = {isa = PBXFileReference; explicitFileType = wrapper.application; includeInIndex = 0; path = ZMTextInputSpriteProject.app; sourceTree = BUILT_PRODUCTS_DIR; };
		F22EDB7F18E6BF19005C5F9A /* Foundation.framework */ = {isa = PBXFileReference; lastKnownFileType = wrapper.framework; name = Foundation.framework; path = System/Library/Frameworks/Foundation.framework; sourceTree = SDKROOT; };
		F22EDB8118E6BF19005C5F9A /* CoreGraphics.framework */ = {isa = PBXFileReference; lastKnownFileType = wrapper.framework; name = CoreGraphics.framework; path = System/Library/Frameworks/CoreGraphics.framework; sourceTree = SDKROOT; };
		F22EDB8318E6BF19005C5F9A /* UIKit.framework */ = {isa = PBXFileReference; lastKnownFileType = wrapper.framework; name = UIKit.framework; path = System/Library/Frameworks/UIKit.framework; sourceTree = SDKROOT; };
		F22EDB8518E6BF19005C5F9A /* SpriteKit.framework */ = {isa = PBXFileReference; lastKnownFileType = wrapper.framework; name = SpriteKit.framework; path = System/Library/Frameworks/SpriteKit.framework; sourceTree = SDKROOT; };
		F22EDB8918E6BF19005C5F9A /* ZMTextInputSpriteProject-Info.plist */ = {isa = PBXFileReference; lastKnownFileType = text.plist.xml; path = "ZMTextInputSpriteProject-Info.plist"; sourceTree = "<group>"; };
		F22EDB8B18E6BF19005C5F9A /* en */ = {isa = PBXFileReference; lastKnownFileType = text.plist.strings; name = en; path = en.lproj/InfoPlist.strings; sourceTree = "<group>"; };
		F22EDB8D18E6BF19005C5F9A /* main.m */ = {isa = PBXFileReference; lastKnownFileType = sourcecode.c.objc; path = main.m; sourceTree = "<group>"; };
		F22EDB8F18E6BF19005C5F9A /* ZMTextInputSpriteProject-Prefix.pch */ = {isa = PBXFileReference; lastKnownFileType = sourcecode.c.h; path = "ZMTextInputSpriteProject-Prefix.pch"; sourceTree = "<group>"; };
		F22EDB9018E6BF19005C5F9A /* ZMAppDelegate.h */ = {isa = PBXFileReference; lastKnownFileType = sourcecode.c.h; path = ZMAppDelegate.h; sourceTree = "<group>"; };
		F22EDB9118E6BF19005C5F9A /* ZMAppDelegate.m */ = {isa = PBXFileReference; lastKnownFileType = sourcecode.c.objc; path = ZMAppDelegate.m; sourceTree = "<group>"; };
		F22EDB9418E6BF19005C5F9A /* Base */ = {isa = PBXFileReference; lastKnownFileType = file.storyboard; name = Base; path = Base.lproj/Main_iPhone.storyboard; sourceTree = "<group>"; };
		F22EDB9718E6BF19005C5F9A /* Base */ = {isa = PBXFileReference; lastKnownFileType = file.storyboard; name = Base; path = Base.lproj/Main_iPad.storyboard; sourceTree = "<group>"; };
		F22EDB9918E6BF19005C5F9A /* ZMViewController.h */ = {isa = PBXFileReference; lastKnownFileType = sourcecode.c.h; path = ZMViewController.h; sourceTree = "<group>"; };
		F22EDB9A18E6BF19005C5F9A /* ZMViewController.m */ = {isa = PBXFileReference; lastKnownFileType = sourcecode.c.objc; path = ZMViewController.m; sourceTree = "<group>"; };
		F22EDB9C18E6BF19005C5F9A /* ZMMyScene.h */ = {isa = PBXFileReference; lastKnownFileType = sourcecode.c.h; path = ZMMyScene.h; sourceTree = "<group>"; };
		F22EDB9D18E6BF19005C5F9A /* ZMMyScene.m */ = {isa = PBXFileReference; lastKnownFileType = sourcecode.c.objc; path = ZMMyScene.m; sourceTree = "<group>"; };
		F22EDB9F18E6BF19005C5F9A /* Spaceship.png */ = {isa = PBXFileReference; lastKnownFileType = image.png; path = Spaceship.png; sourceTree = "<group>"; };
		F22EDBA118E6BF19005C5F9A /* Images.xcassets */ = {isa = PBXFileReference; lastKnownFileType = folder.assetcatalog; path = Images.xcassets; sourceTree = "<group>"; };
		F22EDBA718E6BF19005C5F9A /* ZMTextInputSpriteProjectTests.xctest */ = {isa = PBXFileReference; explicitFileType = wrapper.cfbundle; includeInIndex = 0; path = ZMTextInputSpriteProjectTests.xctest; sourceTree = BUILT_PRODUCTS_DIR; };
		F22EDBA818E6BF19005C5F9A /* XCTest.framework */ = {isa = PBXFileReference; lastKnownFileType = wrapper.framework; name = XCTest.framework; path = Library/Frameworks/XCTest.framework; sourceTree = DEVELOPER_DIR; };
		F22EDBB018E6BF19005C5F9A /* ZMTextInputSpriteProjectTests-Info.plist */ = {isa = PBXFileReference; lastKnownFileType = text.plist.xml; path = "ZMTextInputSpriteProjectTests-Info.plist"; sourceTree = "<group>"; };
		F22EDBB218E6BF19005C5F9A /* en */ = {isa = PBXFileReference; lastKnownFileType = text.plist.strings; name = en; path = en.lproj/InfoPlist.strings; sourceTree = "<group>"; };
		F22EDBB418E6BF19005C5F9A /* ZMTextInputSpriteProjectTests.m */ = {isa = PBXFileReference; lastKnownFileType = sourcecode.c.objc; path = ZMTextInputSpriteProjectTests.m; sourceTree = "<group>"; };
/* End PBXFileReference section */

/* Begin PBXFrameworksBuildPhase section */
		F22EDB7918E6BF19005C5F9A /* Frameworks */ = {
			isa = PBXFrameworksBuildPhase;
			buildActionMask = 2147483647;
			files = (
				F22EDB8218E6BF19005C5F9A /* CoreGraphics.framework in Frameworks */,
				F22EDB8418E6BF19005C5F9A /* UIKit.framework in Frameworks */,
				F22EDB8618E6BF19005C5F9A /* SpriteKit.framework in Frameworks */,
				F22EDB8018E6BF19005C5F9A /* Foundation.framework in Frameworks */,
			);
			runOnlyForDeploymentPostprocessing = 0;
		};
		F22EDBA418E6BF19005C5F9A /* Frameworks */ = {
			isa = PBXFrameworksBuildPhase;
			buildActionMask = 2147483647;
			files = (
				F22EDBA918E6BF19005C5F9A /* XCTest.framework in Frameworks */,
				F22EDBAB18E6BF19005C5F9A /* UIKit.framework in Frameworks */,
				F22EDBAA18E6BF19005C5F9A /* Foundation.framework in Frameworks */,
			);
			runOnlyForDeploymentPostprocessing = 0;
		};
/* End PBXFrameworksBuildPhase section */

/* Begin PBXGroup section */
		F22EDB7318E6BF19005C5F9A = {
			isa = PBXGroup;
			children = (
				F22EDB8718E6BF19005C5F9A /* ZMTextInputSpriteProject */,
				F22EDBAE18E6BF19005C5F9A /* ZMTextInputSpriteProjectTests */,
				F22EDB7E18E6BF19005C5F9A /* Frameworks */,
				F22EDB7D18E6BF19005C5F9A /* Products */,
			);
			sourceTree = "<group>";
		};
		F22EDB7D18E6BF19005C5F9A /* Products */ = {
			isa = PBXGroup;
			children = (
				F22EDB7C18E6BF19005C5F9A /* ZMTextInputSpriteProject.app */,
				F22EDBA718E6BF19005C5F9A /* ZMTextInputSpriteProjectTests.xctest */,
			);
			name = Products;
			sourceTree = "<group>";
		};
		F22EDB7E18E6BF19005C5F9A /* Frameworks */ = {
			isa = PBXGroup;
			children = (
				F22EDB7F18E6BF19005C5F9A /* Foundation.framework */,
				F22EDB8118E6BF19005C5F9A /* CoreGraphics.framework */,
				F22EDB8318E6BF19005C5F9A /* UIKit.framework */,
				F22EDB8518E6BF19005C5F9A /* SpriteKit.framework */,
				F22EDBA818E6BF19005C5F9A /* XCTest.framework */,
			);
			name = Frameworks;
			sourceTree = "<group>";
		};
		F22EDB8718E6BF19005C5F9A /* ZMTextInputSpriteProject */ = {
			isa = PBXGroup;
			children = (
				F22EDB9018E6BF19005C5F9A /* ZMAppDelegate.h */,
				F22EDB9118E6BF19005C5F9A /* ZMAppDelegate.m */,
				F22EDB9318E6BF19005C5F9A /* Main_iPhone.storyboard */,
				F22EDB9618E6BF19005C5F9A /* Main_iPad.storyboard */,
				F22EDB9918E6BF19005C5F9A /* ZMViewController.h */,
				F22EDB9A18E6BF19005C5F9A /* ZMViewController.m */,
				F22EDB9C18E6BF19005C5F9A /* ZMMyScene.h */,
				F22EDB9D18E6BF19005C5F9A /* ZMMyScene.m */,
				F22EDB9F18E6BF19005C5F9A /* Spaceship.png */,
				F22EDBA118E6BF19005C5F9A /* Images.xcassets */,
				F22EDB8818E6BF19005C5F9A /* Supporting Files */,
			);
			path = ZMTextInputSpriteProject;
			sourceTree = "<group>";
		};
		F22EDB8818E6BF19005C5F9A /* Supporting Files */ = {
			isa = PBXGroup;
			children = (
				F22EDB8918E6BF19005C5F9A /* ZMTextInputSpriteProject-Info.plist */,
				F22EDB8A18E6BF19005C5F9A /* InfoPlist.strings */,
				F22EDB8D18E6BF19005C5F9A /* main.m */,
				F22EDB8F18E6BF19005C5F9A /* ZMTextInputSpriteProject-Prefix.pch */,
			);
			name = "Supporting Files";
			sourceTree = "<group>";
		};
		F22EDBAE18E6BF19005C5F9A /* ZMTextInputSpriteProjectTests */ = {
			isa = PBXGroup;
			children = (
				F22EDBB418E6BF19005C5F9A /* ZMTextInputSpriteProjectTests.m */,
				F22EDBAF18E6BF19005C5F9A /* Supporting Files */,
			);
			path = ZMTextInputSpriteProjectTests;
			sourceTree = "<group>";
		};
		F22EDBAF18E6BF19005C5F9A /* Supporting Files */ = {
			isa = PBXGroup;
			children = (
				F22EDBB018E6BF19005C5F9A /* ZMTextInputSpriteProjectTests-Info.plist */,
				F22EDBB118E6BF19005C5F9A /* InfoPlist.strings */,
			);
			name = "Supporting Files";
			sourceTree = "<group>";
		};
/* End PBXGroup section */

/* Begin PBXNativeTarget section */
		F22EDB7B18E6BF19005C5F9A /* ZMTextInputSpriteProject */ = {
			isa = PBXNativeTarget;
			buildConfigurationList = F22EDBB818E6BF19005C5F9A /* Build configuration list for PBXNativeTarget "ZMTextInputSpriteProject" */;
			buildPhases = (
				F22EDB7818E6BF19005C5F9A /* Sources */,
				F22EDB7918E6BF19005C5F9A /* Frameworks */,
				F22EDB7A18E6BF19005C5F9A /* Resources */,
			);
			buildRules = (
			);
			dependencies = (
			);
			name = ZMTextInputSpriteProject;
			productName = ZMTextInputSpriteProject;
			productReference = F22EDB7C18E6BF19005C5F9A /* ZMTextInputSpriteProject.app */;
			productType = "com.apple.product-type.application";
		};
		F22EDBA618E6BF19005C5F9A /* ZMTextInputSpriteProjectTests */ = {
			isa = PBXNativeTarget;
			buildConfigurationList = F22EDBBB18E6BF19005C5F9A /* Build configuration list for PBXNativeTarget "ZMTextInputSpriteProjectTests" */;
			buildPhases = (
				F22EDBA318E6BF19005C5F9A /* Sources */,
				F22EDBA418E6BF19005C5F9A /* Frameworks */,
				F22EDBA518E6BF19005C5F9A /* Resources */,
			);
			buildRules = (
			);
			dependencies = (
				F22EDBAD18E6BF19005C5F9A /* PBXTargetDependency */,
			);
			name = ZMTextInputSpriteProjectTests;
			productName = ZMTextInputSpriteProjectTests;
			productReference = F22EDBA718E6BF19005C5F9A /* ZMTextInputSpriteProjectTests.xctest */;
			productType = "com.apple.product-type.bundle.unit-test";
		};
/* End PBXNativeTarget section */

/* Begin PBXProject section */
		F22EDB7418E6BF19005C5F9A /* Project object */ = {
			isa = PBXProject;
			attributes = {
				CLASSPREFIX = ZM;
				LastUpgradeCheck = 0510;
				ORGANIZATIONNAME = Zedenem;
				TargetAttributes = {
					F22EDBA618E6BF19005C5F9A = {
						TestTargetID = F22EDB7B18E6BF19005C5F9A;
					};
				};
			};
			buildConfigurationList = F22EDB7718E6BF19005C5F9A /* Build configuration list for PBXProject "ZMTextInputSpriteProject" */;
			compatibilityVersion = "Xcode 3.2";
			developmentRegion = English;
			hasScannedForEncodings = 0;
			knownRegions = (
				en,
				Base,
			);
			mainGroup = F22EDB7318E6BF19005C5F9A;
			productRefGroup = F22EDB7D18E6BF19005C5F9A /* Products */;
			projectDirPath = "";
			projectRoot = "";
			targets = (
				F22EDB7B18E6BF19005C5F9A /* ZMTextInputSpriteProject */,
				F22EDBA618E6BF19005C5F9A /* ZMTextInputSpriteProjectTests */,
			);
		};
/* End PBXProject section */

/* Begin PBXResourcesBuildPhase section */
		F22EDB7A18E6BF19005C5F9A /* Resources */ = {
			isa = PBXResourcesBuildPhase;
			buildActionMask = 2147483647;
			files = (
				F22EDBA018E6BF19005C5F9A /* Spaceship.png in Resources */,
				F22EDBA218E6BF19005C5F9A /* Images.xcassets in Resources */,
				F22EDB9818E6BF19005C5F9A /* Main_iPad.storyboard in Resources */,
				F22EDB9518E6BF19005C5F9A /* Main_iPhone.storyboard in Resources */,
				F22EDB8C18E6BF19005C5F9A /* InfoPlist.strings in Resources */,
			);
			runOnlyForDeploymentPostprocessing = 0;
		};
		F22EDBA518E6BF19005C5F9A /* Resources */ = {
			isa = PBXResourcesBuildPhase;
			buildActionMask = 2147483647;
			files = (
				F22EDBB318E6BF19005C5F9A /* InfoPlist.strings in Resources */,
			);
			runOnlyForDeploymentPostprocessing = 0;
		};
/* End PBXResourcesBuildPhase section */

/* Begin PBXSourcesBuildPhase section */
		F22EDB7818E6BF19005C5F9A /* Sources */ = {
			isa = PBXSourcesBuildPhase;
			buildActionMask = 2147483647;
			files = (
				F22EDB8E18E6BF19005C5F9A /* main.m in Sources */,
				F22EDB9E18E6BF19005C5F9A /* ZMMyScene.m in Sources */,
				F22EDB9218E6BF19005C5F9A /* ZMAppDelegate.m in Sources */,
				F22EDB9B18E6BF19005C5F9A /* ZMViewController.m in Sources */,
			);
			runOnlyForDeploymentPostprocessing = 0;
		};
		F22EDBA318E6BF19005C5F9A /* Sources */ = {
			isa = PBXSourcesBuildPhase;
			buildActionMask = 2147483647;
			files = (
				F22EDBB518E6BF19005C5F9A /* ZMTextInputSpriteProjectTests.m in Sources */,
			);
			runOnlyForDeploymentPostprocessing = 0;
		};
/* End PBXSourcesBuildPhase section */

/* Begin PBXTargetDependency section */
		F22EDBAD18E6BF19005C5F9A /* PBXTargetDependency */ = {
			isa = PBXTargetDependency;
			target = F22EDB7B18E6BF19005C5F9A /* ZMTextInputSpriteProject */;
			targetProxy = F22EDBAC18E6BF19005C5F9A /* PBXContainerItemProxy */;
		};
/* End PBXTargetDependency section */

/* Begin PBXVariantGroup section */
		F22EDB8A18E6BF19005C5F9A /* InfoPlist.strings */ = {
			isa = PBXVariantGroup;
			children = (
				F22EDB8B18E6BF19005C5F9A /* en */,
			);
			name = InfoPlist.strings;
			sourceTree = "<group>";
		};
		F22EDB9318E6BF19005C5F9A /* Main_iPhone.storyboard */ = {
			isa = PBXVariantGroup;
			children = (
				F22EDB9418E6BF19005C5F9A /* Base */,
			);
			name = Main_iPhone.storyboard;
			sourceTree = "<group>";
		};
		F22EDB9618E6BF19005C5F9A /* Main_iPad.storyboard */ = {
			isa = PBXVariantGroup;
			children = (
				F22EDB9718E6BF19005C5F9A /* Base */,
			);
			name = Main_iPad.storyboard;
			sourceTree = "<group>";
		};
		F22EDBB118E6BF19005C5F9A /* InfoPlist.strings */ = {
			isa = PBXVariantGroup;
			children = (
				F22EDBB218E6BF19005C5F9A /* en */,
			);
			name = InfoPlist.strings;
			sourceTree = "<group>";
		};
/* End PBXVariantGroup section */

/* Begin XCBuildConfiguration section */
		F22EDBB618E6BF19005C5F9A /* Debug */ = {
			isa = XCBuildConfiguration;
			buildSettings = {
				ALWAYS_SEARCH_USER_PATHS = NO;
				CLANG_CXX_LANGUAGE_STANDARD = "gnu++0x";
				CLANG_CXX_LIBRARY = "libc++";
				CLANG_ENABLE_MODULES = YES;
				CLANG_ENABLE_OBJC_ARC = YES;
				CLANG_WARN_BOOL_CONVERSION = YES;
				CLANG_WARN_CONSTANT_CONVERSION = YES;
				CLANG_WARN_DIRECT_OBJC_ISA_USAGE = YES_ERROR;
				CLANG_WARN_EMPTY_BODY = YES;
				CLANG_WARN_ENUM_CONVERSION = YES;
				CLANG_WARN_INT_CONVERSION = YES;
				CLANG_WARN_OBJC_ROOT_CLASS = YES_ERROR;
				CLANG_WARN__DUPLICATE_METHOD_MATCH = YES;
				"CODE_SIGN_IDENTITY[sdk=iphoneos*]" = "iPhone Developer";
				COPY_PHASE_STRIP = NO;
				GCC_C_LANGUAGE_STANDARD = gnu99;
				GCC_DYNAMIC_NO_PIC = NO;
				GCC_OPTIMIZATION_LEVEL = 0;
				GCC_PREPROCESSOR_DEFINITIONS = (
					"DEBUG=1",
					"$(inherited)",
				);
				GCC_SYMBOLS_PRIVATE_EXTERN = NO;
				GCC_WARN_64_TO_32_BIT_CONVERSION = YES;
				GCC_WARN_ABOUT_RETURN_TYPE = YES_ERROR;
				GCC_WARN_UNDECLARED_SELECTOR = YES;
				GCC_WARN_UNINITIALIZED_AUTOS = YES_AGGRESSIVE;
				GCC_WARN_UNUSED_FUNCTION = YES;
				GCC_WARN_UNUSED_VARIABLE = YES;
				IPHONEOS_DEPLOYMENT_TARGET = 7.1;
				ONLY_ACTIVE_ARCH = YES;
				SDKROOT = iphoneos;
				TARGETED_DEVICE_FAMILY = "1,2";
			};
			name = Debug;
		};
		F22EDBB718E6BF19005C5F9A /* Release */ = {
			isa = XCBuildConfiguration;
			buildSettings = {
				ALWAYS_SEARCH_USER_PATHS = NO;
				CLANG_CXX_LANGUAGE_STANDARD = "gnu++0x";
				CLANG_CXX_LIBRARY = "libc++";
				CLANG_ENABLE_MODULES = YES;
				CLANG_ENABLE_OBJC_ARC = YES;
				CLANG_WARN_BOOL_CONVERSION = YES;
				CLANG_WARN_CONSTANT_CONVERSION = YES;
				CLANG_WARN_DIRECT_OBJC_ISA_USAGE = YES_ERROR;
				CLANG_WARN_EMPTY_BODY = YES;
				CLANG_WARN_ENUM_CONVERSION = YES;
				CLANG_WARN_INT_CONVERSION = YES;
				CLANG_WARN_OBJC_ROOT_CLASS = YES_ERROR;
				CLANG_WARN__DUPLICATE_METHOD_MATCH = YES;
				"CODE_SIGN_IDENTITY[sdk=iphoneos*]" = "iPhone Developer";
				COPY_PHASE_STRIP = YES;
				ENABLE_NS_ASSERTIONS = NO;
				GCC_C_LANGUAGE_STANDARD = gnu99;
				GCC_WARN_64_TO_32_BIT_CONVERSION = YES;
				GCC_WARN_ABOUT_RETURN_TYPE = YES_ERROR;
				GCC_WARN_UNDECLARED_SELECTOR = YES;
				GCC_WARN_UNINITIALIZED_AUTOS = YES_AGGRESSIVE;
				GCC_WARN_UNUSED_FUNCTION = YES;
				GCC_WARN_UNUSED_VARIABLE = YES;
				IPHONEOS_DEPLOYMENT_TARGET = 7.1;
				SDKROOT = iphoneos;
				TARGETED_DEVICE_FAMILY = "1,2";
				VALIDATE_PRODUCT = YES;
			};
			name = Release;
		};
		F22EDBB918E6BF19005C5F9A /* Debug */ = {
			isa = XCBuildConfiguration;
			buildSettings = {
				ASSETCATALOG_COMPILER_APPICON_NAME = AppIcon;
				ASSETCATALOG_COMPILER_LAUNCHIMAGE_NAME = LaunchImage;
				GCC_PRECOMPILE_PREFIX_HEADER = YES;
				GCC_PREFIX_HEADER = "ZMTextInputSpriteProject/ZMTextInputSpriteProject-Prefix.pch";
				INFOPLIST_FILE = "ZMTextInputSpriteProject/ZMTextInputSpriteProject-Info.plist";
				PRODUCT_NAME = "$(TARGET_NAME)";
				SPRITEKIT_TEXTURE_ATLAS_OUTPUT = YES;
				WRAPPER_EXTENSION = app;
			};
			name = Debug;
		};
		F22EDBBA18E6BF19005C5F9A /* Release */ = {
			isa = XCBuildConfiguration;
			buildSettings = {
				ASSETCATALOG_COMPILER_APPICON_NAME = AppIcon;
				ASSETCATALOG_COMPILER_LAUNCHIMAGE_NAME = LaunchImage;
				GCC_PRECOMPILE_PREFIX_HEADER = YES;
				GCC_PREFIX_HEADER = "ZMTextInputSpriteProject/ZMTextInputSpriteProject-Prefix.pch";
				INFOPLIST_FILE = "ZMTextInputSpriteProject/ZMTextInputSpriteProject-Info.plist";
				PRODUCT_NAME = "$(TARGET_NAME)";
				SPRITEKIT_TEXTURE_ATLAS_OUTPUT = YES;
				WRAPPER_EXTENSION = app;
			};
			name = Release;
		};
		F22EDBBC18E6BF19005C5F9A /* Debug */ = {
			isa = XCBuildConfiguration;
			buildSettings = {
				BUNDLE_LOADER = "$(BUILT_PRODUCTS_DIR)/ZMTextInputSpriteProject.app/ZMTextInputSpriteProject";
				FRAMEWORK_SEARCH_PATHS = (
					"$(SDKROOT)/Developer/Library/Frameworks",
					"$(inherited)",
					"$(DEVELOPER_FRAMEWORKS_DIR)",
				);
				GCC_PRECOMPILE_PREFIX_HEADER = YES;
				GCC_PREFIX_HEADER = "ZMTextInputSpriteProject/ZMTextInputSpriteProject-Prefix.pch";
				GCC_PREPROCESSOR_DEFINITIONS = (
					"DEBUG=1",
					"$(inherited)",
				);
				INFOPLIST_FILE = "ZMTextInputSpriteProjectTests/ZMTextInputSpriteProjectTests-Info.plist";
				PRODUCT_NAME = "$(TARGET_NAME)";
				TEST_HOST = "$(BUNDLE_LOADER)";
				WRAPPER_EXTENSION = xctest;
			};
			name = Debug;
		};
		F22EDBBD18E6BF19005C5F9A /* Release */ = {
			isa = XCBuildConfiguration;
			buildSettings = {
				BUNDLE_LOADER = "$(BUILT_PRODUCTS_DIR)/ZMTextInputSpriteProject.app/ZMTextInputSpriteProject";
				FRAMEWORK_SEARCH_PATHS = (
					"$(SDKROOT)/Developer/Library/Frameworks",
					"$(inherited)",
					"$(DEVELOPER_FRAMEWORKS_DIR)",
				);
				GCC_PRECOMPILE_PREFIX_HEADER = YES;
				GCC_PREFIX_HEADER = "ZMTextInputSpriteProject/ZMTextInputSpriteProject-Prefix.pch";
				INFOPLIST_FILE = "ZMTextInputSpriteProjectTests/ZMTextInputSpriteProjectTests-Info.plist";
				PRODUCT_NAME = "$(TARGET_NAME)";
				TEST_HOST = "$(BUNDLE_LOADER)";
				WRAPPER_EXTENSION = xctest;
			};
			name = Release;
		};
/* End XCBuildConfiguration section */

/* Begin XCConfigurationList section */
		F22EDB7718E6BF19005C5F9A /* Build configuration list for PBXProject "ZMTextInputSpriteProject" */ = {
			isa = XCConfigurationList;
			buildConfigurations = (
				F22EDBB618E6BF19005C5F9A /* Debug */,
				F22EDBB718E6BF19005C5F9A /* Release */,
			);
			defaultConfigurationIsVisible = 0;
			defaultConfigurationName = Release;
		};
		F22EDBB818E6BF19005C5F9A /* Build configuration list for PBXNativeTarget "ZMTextInputSpriteProject" */ = {
			isa = XCConfigurationList;
			buildConfigurations = (
				F22EDBB918E6BF19005C5F9A /* Debug */,
				F22EDBBA18E6BF19005C5F9A /* Release */,
			);
			defaultConfigurationIsVisible = 0;
		};
		F22EDBBB18E6BF19005C5F9A /* Build configuration list for PBXNativeTarget "ZMTextInputSpriteProjectTests" */ = {
			isa = XCConfigurationList;
			buildConfigurations = (
				F22EDBBC18E6BF19005C5F9A /* Debug */,
				F22EDBBD18E6BF19005C5F9A /* Release */,
			);
			defaultConfigurationIsVisible = 0;
		};
/* End XCConfigurationList section */
	};
	rootObject = F22EDB7418E6BF19005C5F9A /* Project object */;
}
